<Solution>
  <Folder Name="/src/">
    <Project Path="src/Poker.Game/Poker.Game.csproj" />
    <Project Path="src/Poker.Server/Poker.Server.csproj" />
  </Folder>
  <Folder Name="/tests/">
    <Project Path="tests/Poker.Game.Tests/Poker.Game.Tests.csproj" />
  </Folder>
  <Folder Name="/tools/">
    <Project Path="tools/Poker.Console/Poker.Console.csproj" />
  </Folder>
</Solution>
